
Microsoft Visual Studio Solution File, Format Version 12.00
# Visual Studio 15
VisualStudioVersion = 15.0.27428.2005
MinimumVisualStudioVersion = 10.0.40219.1
Project("{FAE04EC0-301F-11D3-BF4B-00C04F79EFBC}") = "MoreHullPlates", "MoreHullPlates.csproj", "{33860BBB-D46C-405F-B9A1-B2DB47B5E1FC}"
EndProject
Global
	GlobalSection(SolutionConfigurationPlatforms) = preSolution
		Debug|Any CPU = Debug|Any CPU
		Release|Any CPU = Release|Any CPU
	EndGlobalSection
	GlobalSection(ProjectConfigurationPlatforms) = postSolution
		{33860BBB-D46C-405F-B9A1-B2DB47B5E1FC}.Debug|Any CPU.ActiveCfg = Debug|Any CPU
		{33860BBB-D46C-405F-B9A1-B2DB47B5E1FC}.Debug|Any CPU.Build.0 = Debug|Any CPU
		{33860BBB-D46C-405F-B9A1-B2DB47B5E1FC}.Release|Any CPU.ActiveCfg = Release|Any CPU
		{33860BBB-D46C-405F-B9A1-B2DB47B5E1FC}.Release|Any CPU.Build.0 = Release|Any CPU
	EndGlobalSection
	GlobalSection(SolutionProperties) = preSolution
		HideSolutionNode = FALSE
	EndGlobalSection
	GlobalSection(ExtensibilityGlobals) = postSolution
		SolutionGuid = {3C06BBD8-C5ED-42EC-A294-A037A3D1C36C}
	EndGlobalSection
EndGlobal
